---
id: draftbaeuerlenetnewscancellock
schema_version: v1.5.6
formattedref:
  content: draft-baeuerle-netnews-cancel-lock
title:
- language: en
  script: Latn
  content: Cancel-Locks in Netnews Articles
docidentifier:
- content: draft-baeuerle-netnews-cancel-lock
  type: Internet-Draft
  primary: true
abstract:
- language: en
  script: Latn
  content: "<p>This document defines an extension to the Netnews Article Format that
    may be used to authenticate the withdrawal of existing articles.  This document
    updates RFC 5537.</p>"
relation:
- type: includes
  bibitem:
    formattedref:
      content: draft-baeuerle-netnews-cancel-lock-00
    source:
    - type: src
      content: https://datatracker.ietf.org/doc/html/draft-baeuerle-netnews-cancel-lock-00
    docidentifier:
    - content: draft-baeuerle-netnews-cancel-lock-00
      type: Internet-Draft
      primary: true
- type: includes
  bibitem:
    formattedref:
      content: draft-baeuerle-netnews-cancel-lock-01
    source:
    - type: src
      content: https://datatracker.ietf.org/doc/html/draft-baeuerle-netnews-cancel-lock-01
    docidentifier:
    - content: draft-baeuerle-netnews-cancel-lock-01
      type: Internet-Draft
      primary: true
- type: includes
  bibitem:
    formattedref:
      content: draft-baeuerle-netnews-cancel-lock-02
    source:
    - type: src
      content: https://datatracker.ietf.org/doc/html/draft-baeuerle-netnews-cancel-lock-02
    docidentifier:
    - content: draft-baeuerle-netnews-cancel-lock-02
      type: Internet-Draft
      primary: true
- type: includes
  bibitem:
    formattedref:
      content: draft-baeuerle-netnews-cancel-lock-03
    source:
    - type: src
      content: https://datatracker.ietf.org/doc/html/draft-baeuerle-netnews-cancel-lock-03
    docidentifier:
    - content: draft-baeuerle-netnews-cancel-lock-03
      type: Internet-Draft
      primary: true
- type: includes
  bibitem:
    formattedref:
      content: draft-baeuerle-netnews-cancel-lock-04
    source:
    - type: src
      content: https://datatracker.ietf.org/doc/html/draft-baeuerle-netnews-cancel-lock-04
    docidentifier:
    - content: draft-baeuerle-netnews-cancel-lock-04
      type: Internet-Draft
      primary: true
- type: includes
  bibitem:
    formattedref:
      content: draft-baeuerle-netnews-cancel-lock-05
    source:
    - type: src
      content: https://datatracker.ietf.org/doc/html/draft-baeuerle-netnews-cancel-lock-05
    docidentifier:
    - content: draft-baeuerle-netnews-cancel-lock-05
      type: Internet-Draft
      primary: true
- type: includes
  bibitem:
    formattedref:
      content: draft-baeuerle-netnews-cancel-lock-06
    source:
    - type: src
      content: https://datatracker.ietf.org/doc/html/draft-baeuerle-netnews-cancel-lock-06
    docidentifier:
    - content: draft-baeuerle-netnews-cancel-lock-06
      type: Internet-Draft
      primary: true
- type: includes
  bibitem:
    formattedref:
      content: draft-baeuerle-netnews-cancel-lock-07
    source:
    - type: src
      content: https://datatracker.ietf.org/doc/html/draft-baeuerle-netnews-cancel-lock-07
    docidentifier:
    - content: draft-baeuerle-netnews-cancel-lock-07
      type: Internet-Draft
      primary: true
- type: includes
  bibitem:
    formattedref:
      content: draft-baeuerle-netnews-cancel-lock-08
    source:
    - type: src
      content: https://datatracker.ietf.org/doc/html/draft-baeuerle-netnews-cancel-lock-08
    docidentifier:
    - content: draft-baeuerle-netnews-cancel-lock-08
      type: Internet-Draft
      primary: true
- type: includes
  bibitem:
    formattedref:
      content: draft-baeuerle-netnews-cancel-lock-09
    source:
    - type: src
      content: https://datatracker.ietf.org/doc/html/draft-baeuerle-netnews-cancel-lock-09
    docidentifier:
    - content: draft-baeuerle-netnews-cancel-lock-09
      type: Internet-Draft
      primary: true
