---
id: draftskoglundeppregistrylock
schema_version: v1.5.6
formattedref:
  content: draft-skoglund-epp-registry-lock
title:
- language: en
  script: Latn
  content: Registry Lock Extension for the Extensible Provisioning Protocol (EPP)
docidentifier:
- content: draft-skoglund-epp-registry-lock
  type: Internet-Draft
  primary: true
abstract:
- language: en
  script: Latn
  content: |-
    <p>This document describes an Extensible Provisioning Protocol (EPP)
       extension for setting and managing a registry lock on a domain
       object.

       TO BE REMOVED: This document is being collaborated on in Github at:
       https://github.com/EricIO/draft-regext-epp-registry-lock
       (https://github.com/EricIO/draft-regext-epp-registry-lock).  The most
       recent working version of the document, open issues, etc. should all
       be available there.  The authors (gratefully) accept pull requests.</p>
relation:
- type: includes
  bibitem:
    formattedref:
      content: draft-skoglund-epp-registry-lock-00
    source:
    - type: src
      content: https://datatracker.ietf.org/doc/html/draft-skoglund-epp-registry-lock-00
    docidentifier:
    - content: draft-skoglund-epp-registry-lock-00
      type: Internet-Draft
      primary: true
