---
id: draftjiangmplsentropyblock
schema_version: v1.5.6
formattedref:
  content: draft-jiang-mpls-entropy-block
title:
- language: en
  script: Latn
  content: MPLS Entropy Block
docidentifier:
- content: draft-jiang-mpls-entropy-block
  type: Internet-Draft
  primary: true
abstract:
- language: en
  script: Latn
  content: |-
    <p>Load balancing across MPLS networks requires entropy information to
       be carried in MPLS label stack and to be handled by the downstream
       Label Switching Routers.  This document describes the problems using
       existing approaches and introduces an approach to the solution.</p>
relation:
- type: includes
  bibitem:
    formattedref:
      content: draft-jiang-mpls-entropy-block-00
    source:
    - type: src
      content: https://datatracker.ietf.org/doc/html/draft-jiang-mpls-entropy-block-00
    docidentifier:
    - content: draft-jiang-mpls-entropy-block-00
      type: Internet-Draft
      primary: true
- type: includes
  bibitem:
    formattedref:
      content: draft-jiang-mpls-entropy-block-01
    source:
    - type: src
      content: https://datatracker.ietf.org/doc/html/draft-jiang-mpls-entropy-block-01
    docidentifier:
    - content: draft-jiang-mpls-entropy-block-01
      type: Internet-Draft
      primary: true
