---
id: draftietfnetconfpartiallock
schema_version: v1.5.6
formattedref:
  content: draft-ietf-netconf-partial-lock
title:
- language: en
  script: Latn
  content: Partial Lock Remote Procedure Call (RPC) for NETCONF
docidentifier:
- content: draft-ietf-netconf-partial-lock
  type: Internet-Draft
  primary: true
abstract:
- language: en
  script: Latn
  content: "<p>The Network Configuration protocol (NETCONF) defines the lock and unlock
    Remote Procedure Calls (RPCs), used to lock entire configuration datastores.  In
    some situations, a way to lock only parts of a configuration datastore is required.
    \ This document defines a capability-based extension to the NETCONF protocol for
    locking portions of a configuration datastore. [STANDARDS-TRACK]</p>"
relation:
- type: includes
  bibitem:
    formattedref:
      content: draft-ietf-netconf-partial-lock-11
    source:
    - type: src
      content: https://datatracker.ietf.org/doc/html/draft-ietf-netconf-partial-lock-11
    docidentifier:
    - content: draft-ietf-netconf-partial-lock-11
      type: Internet-Draft
      primary: true
