---
id: draftietflispeidblock
schema_version: v1.5.6
formattedref:
  content: draft-ietf-lisp-eid-block
title:
- language: en
  script: Latn
  content: Locator/ID Separation Protocol (LISP) Endpoint Identifier (EID) Block
docidentifier:
- content: draft-ietf-lisp-eid-block
  type: Internet-Draft
  primary: true
abstract:
- language: en
  script: Latn
  content: "<p>This document directs IANA to allocate a /32 IPv6 prefix for use with
    the Locator/ID Separation Protocol (LISP).  The prefix will be used for local
    intra-domain routing and global endpoint identification, by sites deploying LISP
    as Endpoint Identifier (EID) addressing space.</p>"
relation:
- type: includes
  bibitem:
    formattedref:
      content: draft-ietf-lisp-eid-block-01
    source:
    - type: src
      content: https://datatracker.ietf.org/doc/html/draft-ietf-lisp-eid-block-01
    docidentifier:
    - content: draft-ietf-lisp-eid-block-01
      type: Internet-Draft
      primary: true
- type: includes
  bibitem:
    formattedref:
      content: draft-ietf-lisp-eid-block-02
    source:
    - type: src
      content: https://datatracker.ietf.org/doc/html/draft-ietf-lisp-eid-block-02
    docidentifier:
    - content: draft-ietf-lisp-eid-block-02
      type: Internet-Draft
      primary: true
- type: includes
  bibitem:
    formattedref:
      content: draft-ietf-lisp-eid-block-03
    source:
    - type: src
      content: https://datatracker.ietf.org/doc/html/draft-ietf-lisp-eid-block-03
    docidentifier:
    - content: draft-ietf-lisp-eid-block-03
      type: Internet-Draft
      primary: true
- type: includes
  bibitem:
    formattedref:
      content: draft-ietf-lisp-eid-block-04
    source:
    - type: src
      content: https://datatracker.ietf.org/doc/html/draft-ietf-lisp-eid-block-04
    docidentifier:
    - content: draft-ietf-lisp-eid-block-04
      type: Internet-Draft
      primary: true
- type: includes
  bibitem:
    formattedref:
      content: draft-ietf-lisp-eid-block-05
    source:
    - type: src
      content: https://datatracker.ietf.org/doc/html/draft-ietf-lisp-eid-block-05
    docidentifier:
    - content: draft-ietf-lisp-eid-block-05
      type: Internet-Draft
      primary: true
- type: includes
  bibitem:
    formattedref:
      content: draft-ietf-lisp-eid-block-06
    source:
    - type: src
      content: https://datatracker.ietf.org/doc/html/draft-ietf-lisp-eid-block-06
    docidentifier:
    - content: draft-ietf-lisp-eid-block-06
      type: Internet-Draft
      primary: true
- type: includes
  bibitem:
    formattedref:
      content: draft-ietf-lisp-eid-block-07
    source:
    - type: src
      content: https://datatracker.ietf.org/doc/html/draft-ietf-lisp-eid-block-07
    docidentifier:
    - content: draft-ietf-lisp-eid-block-07
      type: Internet-Draft
      primary: true
- type: includes
  bibitem:
    formattedref:
      content: draft-ietf-lisp-eid-block-08
    source:
    - type: src
      content: https://datatracker.ietf.org/doc/html/draft-ietf-lisp-eid-block-08
    docidentifier:
    - content: draft-ietf-lisp-eid-block-08
      type: Internet-Draft
      primary: true
- type: includes
  bibitem:
    formattedref:
      content: draft-ietf-lisp-eid-block-09
    source:
    - type: src
      content: https://datatracker.ietf.org/doc/html/draft-ietf-lisp-eid-block-09
    docidentifier:
    - content: draft-ietf-lisp-eid-block-09
      type: Internet-Draft
      primary: true
- type: includes
  bibitem:
    formattedref:
      content: draft-ietf-lisp-eid-block-10
    source:
    - type: src
      content: https://datatracker.ietf.org/doc/html/draft-ietf-lisp-eid-block-10
    docidentifier:
    - content: draft-ietf-lisp-eid-block-10
      type: Internet-Draft
      primary: true
- type: includes
  bibitem:
    formattedref:
      content: draft-ietf-lisp-eid-block-11
    source:
    - type: src
      content: https://datatracker.ietf.org/doc/html/draft-ietf-lisp-eid-block-11
    docidentifier:
    - content: draft-ietf-lisp-eid-block-11
      type: Internet-Draft
      primary: true
- type: includes
  bibitem:
    formattedref:
      content: draft-ietf-lisp-eid-block-12
    source:
    - type: src
      content: https://datatracker.ietf.org/doc/html/draft-ietf-lisp-eid-block-12
    docidentifier:
    - content: draft-ietf-lisp-eid-block-12
      type: Internet-Draft
      primary: true
- type: includes
  bibitem:
    formattedref:
      content: draft-ietf-lisp-eid-block-13
    source:
    - type: src
      content: https://datatracker.ietf.org/doc/html/draft-ietf-lisp-eid-block-13
    docidentifier:
    - content: draft-ietf-lisp-eid-block-13
      type: Internet-Draft
      primary: true
