---
id: draftlawrencehttpnoclock
schema_version: v1.5.6
formattedref:
  content: draft-lawrence-http-noclock
title:
- language: en
  script: Latn
  content: HTTP/1.1 Operation without a Clock
docidentifier:
- content: draft-lawrence-http-noclock
  type: Internet-Draft
  primary: true
abstract:
- language: en
  script: Latn
  content: "<p>This memo describes a problem with the current Proposed Standard for
    HTTP/1.1 found as a result of implementation experience.  A web server may be
    implemented in an embedded system as a network user interface.  Often the embedded
    system is one which has no other use for a real-time clock, and/or the web interface
    is being added to an existing device which has no clock.  Without a clock, no
    accurate HTTP Date header can be generated.    This memo examines the implications
    of this situation for the operation of HTTP/1.1 origin servers, proxies, and clients,
    and proposes changes to the HTTP/1.1 specification to permit compliant operation
    in such systems.</p>"
relation:
- type: includes
  bibitem:
    formattedref:
      content: draft-lawrence-http-noclock-00
    source:
    - type: src
      content: https://datatracker.ietf.org/doc/html/draft-lawrence-http-noclock-00
    docidentifier:
    - content: draft-lawrence-http-noclock-00
      type: Internet-Draft
      primary: true
