---
id: draftsiposdtnmanifestblock
schema_version: v1.5.6
formattedref:
  content: draft-sipos-dtn-manifest-block
title:
- language: en
  script: Latn
  content: Bundle Protocol (BP) Manifest Block
docidentifier:
- content: draft-sipos-dtn-manifest-block
  type: Internet-Draft
  primary: true
abstract:
- language: en
  script: Latn
  content: |-
    <p>This document defines an extension block type for Bundle Protocol
       version 7 to capture discretionary summary data about the state of a
       Bundle at the time the extension block is added.  This Manifest
       structure is a general purpose container for information about other
       blocks, and can be used as a piece-part of a larger security
       operation.</p>
relation:
- type: includes
  bibitem:
    formattedref:
      content: draft-sipos-dtn-manifest-block-00
    source:
    - type: src
      content: https://datatracker.ietf.org/doc/html/draft-sipos-dtn-manifest-block-00
    docidentifier:
    - content: draft-sipos-dtn-manifest-block-00
      type: Internet-Draft
      primary: true
- type: includes
  bibitem:
    formattedref:
      content: draft-sipos-dtn-manifest-block-01
    source:
    - type: src
      content: https://datatracker.ietf.org/doc/html/draft-sipos-dtn-manifest-block-01
    docidentifier:
    - content: draft-sipos-dtn-manifest-block-01
      type: Internet-Draft
      primary: true
