---
id: draftietfcoreblock
schema_version: v1.5.6
formattedref:
  content: draft-ietf-core-block
title:
- language: en
  script: Latn
  content: Block-Wise Transfers in the Constrained Application Protocol (CoAP)
docidentifier:
- content: draft-ietf-core-block
  type: Internet-Draft
  primary: true
abstract:
- language: en
  script: Latn
  content: |-
    <p>The Constrained Application Protocol (CoAP) is a RESTful transfer protocol for constrained nodes and networks. Basic CoAP messages work well for small payloads from sensors and actuators; however, applications will need to transfer larger payloads occasionally -- for instance, for firmware updates. In contrast to HTTP, where TCP does the grunt work of segmenting and resequencing, CoAP is based on datagram transports such as UDP or Datagram Transport Layer Security (DTLS). These transports only offer fragmentation, which is even more problematic in constrained nodes and networks, limiting the maximum size of resource representations that can practically be transferred.

     Instead of relying on IP fragmentation, this specification extends basic CoAP with a pair of "Block" options for transferring multiple blocks of information from a resource representation in multiple request-response pairs. In many important cases, the Block options enable a server to be truly stateless: the server can handle each block transfer separately, with no need for a connection setup or other server-side memory of previous block transfers. Essentially, the Block options provide a minimal way to transfer larger representations in a block-wise fashion.

     A CoAP implementation that does not support these options generally is limited in the size of the representations that can be exchanged, so there is an expectation that the Block options will be widely used in CoAP implementations. Therefore, this specification updates RFC 7252.</p>
relation:
- type: includes
  bibitem:
    formattedref:
      content: draft-ietf-core-block-08
    source:
    - type: src
      content: https://datatracker.ietf.org/doc/html/draft-ietf-core-block-08
    docidentifier:
    - content: draft-ietf-core-block-08
      type: Internet-Draft
      primary: true
- type: includes
  bibitem:
    formattedref:
      content: draft-ietf-core-block-09
    source:
    - type: src
      content: https://datatracker.ietf.org/doc/html/draft-ietf-core-block-09
    docidentifier:
    - content: draft-ietf-core-block-09
      type: Internet-Draft
      primary: true
- type: includes
  bibitem:
    formattedref:
      content: draft-ietf-core-block-10
    source:
    - type: src
      content: https://datatracker.ietf.org/doc/html/draft-ietf-core-block-10
    docidentifier:
    - content: draft-ietf-core-block-10
      type: Internet-Draft
      primary: true
- type: includes
  bibitem:
    formattedref:
      content: draft-ietf-core-block-11
    source:
    - type: src
      content: https://datatracker.ietf.org/doc/html/draft-ietf-core-block-11
    docidentifier:
    - content: draft-ietf-core-block-11
      type: Internet-Draft
      primary: true
- type: includes
  bibitem:
    formattedref:
      content: draft-ietf-core-block-12
    source:
    - type: src
      content: https://datatracker.ietf.org/doc/html/draft-ietf-core-block-12
    docidentifier:
    - content: draft-ietf-core-block-12
      type: Internet-Draft
      primary: true
- type: includes
  bibitem:
    formattedref:
      content: draft-ietf-core-block-13
    source:
    - type: src
      content: https://datatracker.ietf.org/doc/html/draft-ietf-core-block-13
    docidentifier:
    - content: draft-ietf-core-block-13
      type: Internet-Draft
      primary: true
- type: includes
  bibitem:
    formattedref:
      content: draft-ietf-core-block-14
    source:
    - type: src
      content: https://datatracker.ietf.org/doc/html/draft-ietf-core-block-14
    docidentifier:
    - content: draft-ietf-core-block-14
      type: Internet-Draft
      primary: true
- type: includes
  bibitem:
    formattedref:
      content: draft-ietf-core-block-15
    source:
    - type: src
      content: https://datatracker.ietf.org/doc/html/draft-ietf-core-block-15
    docidentifier:
    - content: draft-ietf-core-block-15
      type: Internet-Draft
      primary: true
- type: includes
  bibitem:
    formattedref:
      content: draft-ietf-core-block-16
    source:
    - type: src
      content: https://datatracker.ietf.org/doc/html/draft-ietf-core-block-16
    docidentifier:
    - content: draft-ietf-core-block-16
      type: Internet-Draft
      primary: true
- type: includes
  bibitem:
    formattedref:
      content: draft-ietf-core-block-17
    source:
    - type: src
      content: https://datatracker.ietf.org/doc/html/draft-ietf-core-block-17
    docidentifier:
    - content: draft-ietf-core-block-17
      type: Internet-Draft
      primary: true
- type: includes
  bibitem:
    formattedref:
      content: draft-ietf-core-block-18
    source:
    - type: src
      content: https://datatracker.ietf.org/doc/html/draft-ietf-core-block-18
    docidentifier:
    - content: draft-ietf-core-block-18
      type: Internet-Draft
      primary: true
- type: includes
  bibitem:
    formattedref:
      content: draft-ietf-core-block-19
    source:
    - type: src
      content: https://datatracker.ietf.org/doc/html/draft-ietf-core-block-19
    docidentifier:
    - content: draft-ietf-core-block-19
      type: Internet-Draft
      primary: true
- type: includes
  bibitem:
    formattedref:
      content: draft-ietf-core-block-20
    source:
    - type: src
      content: https://datatracker.ietf.org/doc/html/draft-ietf-core-block-20
    docidentifier:
    - content: draft-ietf-core-block-20
      type: Internet-Draft
      primary: true
- type: includes
  bibitem:
    formattedref:
      content: draft-ietf-core-block-21
    source:
    - type: src
      content: https://datatracker.ietf.org/doc/html/draft-ietf-core-block-21
    docidentifier:
    - content: draft-ietf-core-block-21
      type: Internet-Draft
      primary: true
