---
id: draftboshcorenewblock
schema_version: v1.5.6
formattedref:
  content: draft-bosh-core-new-block
title:
- language: en
  script: Latn
  content: Constrained Application Protocol (CoAP) Block-Wise Transfer Options for
    Faster Transmission
docidentifier:
- content: draft-bosh-core-new-block
  type: Internet-Draft
  primary: true
abstract:
- language: en
  script: Latn
  content: |-
    <p>This document specifies new Constrained Application Protocol (CoAP)
       Block-Wise transfer options: Block3 and Block4 Options.

       These options are similar to the CoAP Block1 and Block2 Options, but
       enable faster transmission rates for large amounts of data with less
       packet interchanges as well as supporting faster recovery should any
       of the blocks get lost in transmission.</p>
relation:
- type: includes
  bibitem:
    formattedref:
      content: draft-bosh-core-new-block-00
    source:
    - type: src
      content: https://datatracker.ietf.org/doc/html/draft-bosh-core-new-block-00
    docidentifier:
    - content: draft-bosh-core-new-block-00
      type: Internet-Draft
      primary: true
- type: includes
  bibitem:
    formattedref:
      content: draft-bosh-core-new-block-01
    source:
    - type: src
      content: https://datatracker.ietf.org/doc/html/draft-bosh-core-new-block-01
    docidentifier:
    - content: draft-bosh-core-new-block-01
      type: Internet-Draft
      primary: true
- type: includes
  bibitem:
    formattedref:
      content: draft-bosh-core-new-block-02
    source:
    - type: src
      content: https://datatracker.ietf.org/doc/html/draft-bosh-core-new-block-02
    docidentifier:
    - content: draft-bosh-core-new-block-02
      type: Internet-Draft
      primary: true
- type: includes
  bibitem:
    formattedref:
      content: draft-bosh-core-new-block-03
    source:
    - type: src
      content: https://datatracker.ietf.org/doc/html/draft-bosh-core-new-block-03
    docidentifier:
    - content: draft-bosh-core-new-block-03
      type: Internet-Draft
      primary: true
- type: includes
  bibitem:
    formattedref:
      content: draft-bosh-core-new-block-04
    source:
    - type: src
      content: https://datatracker.ietf.org/doc/html/draft-bosh-core-new-block-04
    docidentifier:
    - content: draft-bosh-core-new-block-04
      type: Internet-Draft
      primary: true
