---
id: draftlengyelngopartiallock
schema_version: v1.5.6
formattedref:
  content: draft-lengyel-ngo-partial-lock
title:
- language: en
  script: Latn
  content: Partial Lock RPC for NETCONF
docidentifier:
- content: draft-lengyel-ngo-partial-lock
  type: Internet-Draft
  primary: true
abstract:
- language: en
  script: Latn
  content: |-
    <p>The NETCONF protocol defines the lock and unlock RPCs that lock
       entire configuration datastores.  In some situations, a way to lock
       only parts of a configuration datastore is required.  This document
       defines a capability-based extension to the NETCONF protocol for
       locking portions of a configuration datastore.</p>
relation:
- type: includes
  bibitem:
    formattedref:
      content: draft-lengyel-ngo-partial-lock-01
    source:
    - type: src
      content: https://datatracker.ietf.org/doc/html/draft-lengyel-ngo-partial-lock-01
    docidentifier:
    - content: draft-lengyel-ngo-partial-lock-01
      type: Internet-Draft
      primary: true
