---
id: draftietfcorenewblock
schema_version: v1.5.6
formattedref:
  content: draft-ietf-core-new-block
title:
- language: en
  script: Latn
  content: Constrained Application Protocol (CoAP) Block-Wise Transfer Options Supporting
    Robust Transmission
docidentifier:
- content: draft-ietf-core-new-block
  type: Internet-Draft
  primary: true
abstract:
- language: en
  script: Latn
  content: |-
    <p>This document specifies alternative Constrained Application Protocol (CoAP) block-wise transfer options: Q-Block1 and Q-Block2.

     These options are similar to, but distinct from, the CoAP Block1 and Block2 options defined in RFC 7959. The Q-Block1 and Q-Block2 options are not intended to replace the Block1 and Block2 options but rather have the goal of supporting Non-confirmable (NON) messages for large amounts of data with fewer packet interchanges. Also, the Q-Block1 and Q-Block2 options support faster recovery should any of the blocks get lost in transmission.</p>
relation:
- type: includes
  bibitem:
    formattedref:
      content: draft-ietf-core-new-block-00
    source:
    - type: src
      content: https://datatracker.ietf.org/doc/html/draft-ietf-core-new-block-00
    docidentifier:
    - content: draft-ietf-core-new-block-00
      type: Internet-Draft
      primary: true
- type: includes
  bibitem:
    formattedref:
      content: draft-ietf-core-new-block-01
    source:
    - type: src
      content: https://datatracker.ietf.org/doc/html/draft-ietf-core-new-block-01
    docidentifier:
    - content: draft-ietf-core-new-block-01
      type: Internet-Draft
      primary: true
- type: includes
  bibitem:
    formattedref:
      content: draft-ietf-core-new-block-02
    source:
    - type: src
      content: https://datatracker.ietf.org/doc/html/draft-ietf-core-new-block-02
    docidentifier:
    - content: draft-ietf-core-new-block-02
      type: Internet-Draft
      primary: true
- type: includes
  bibitem:
    formattedref:
      content: draft-ietf-core-new-block-03
    source:
    - type: src
      content: https://datatracker.ietf.org/doc/html/draft-ietf-core-new-block-03
    docidentifier:
    - content: draft-ietf-core-new-block-03
      type: Internet-Draft
      primary: true
- type: includes
  bibitem:
    formattedref:
      content: draft-ietf-core-new-block-04
    source:
    - type: src
      content: https://datatracker.ietf.org/doc/html/draft-ietf-core-new-block-04
    docidentifier:
    - content: draft-ietf-core-new-block-04
      type: Internet-Draft
      primary: true
- type: includes
  bibitem:
    formattedref:
      content: draft-ietf-core-new-block-05
    source:
    - type: src
      content: https://datatracker.ietf.org/doc/html/draft-ietf-core-new-block-05
    docidentifier:
    - content: draft-ietf-core-new-block-05
      type: Internet-Draft
      primary: true
- type: includes
  bibitem:
    formattedref:
      content: draft-ietf-core-new-block-06
    source:
    - type: src
      content: https://datatracker.ietf.org/doc/html/draft-ietf-core-new-block-06
    docidentifier:
    - content: draft-ietf-core-new-block-06
      type: Internet-Draft
      primary: true
- type: includes
  bibitem:
    formattedref:
      content: draft-ietf-core-new-block-07
    source:
    - type: src
      content: https://datatracker.ietf.org/doc/html/draft-ietf-core-new-block-07
    docidentifier:
    - content: draft-ietf-core-new-block-07
      type: Internet-Draft
      primary: true
- type: includes
  bibitem:
    formattedref:
      content: draft-ietf-core-new-block-08
    source:
    - type: src
      content: https://datatracker.ietf.org/doc/html/draft-ietf-core-new-block-08
    docidentifier:
    - content: draft-ietf-core-new-block-08
      type: Internet-Draft
      primary: true
- type: includes
  bibitem:
    formattedref:
      content: draft-ietf-core-new-block-09
    source:
    - type: src
      content: https://datatracker.ietf.org/doc/html/draft-ietf-core-new-block-09
    docidentifier:
    - content: draft-ietf-core-new-block-09
      type: Internet-Draft
      primary: true
- type: includes
  bibitem:
    formattedref:
      content: draft-ietf-core-new-block-10
    source:
    - type: src
      content: https://datatracker.ietf.org/doc/html/draft-ietf-core-new-block-10
    docidentifier:
    - content: draft-ietf-core-new-block-10
      type: Internet-Draft
      primary: true
- type: includes
  bibitem:
    formattedref:
      content: draft-ietf-core-new-block-11
    source:
    - type: src
      content: https://datatracker.ietf.org/doc/html/draft-ietf-core-new-block-11
    docidentifier:
    - content: draft-ietf-core-new-block-11
      type: Internet-Draft
      primary: true
- type: includes
  bibitem:
    formattedref:
      content: draft-ietf-core-new-block-12
    source:
    - type: src
      content: https://datatracker.ietf.org/doc/html/draft-ietf-core-new-block-12
    docidentifier:
    - content: draft-ietf-core-new-block-12
      type: Internet-Draft
      primary: true
- type: includes
  bibitem:
    formattedref:
      content: draft-ietf-core-new-block-13
    source:
    - type: src
      content: https://datatracker.ietf.org/doc/html/draft-ietf-core-new-block-13
    docidentifier:
    - content: draft-ietf-core-new-block-13
      type: Internet-Draft
      primary: true
- type: includes
  bibitem:
    formattedref:
      content: draft-ietf-core-new-block-14
    source:
    - type: src
      content: https://datatracker.ietf.org/doc/html/draft-ietf-core-new-block-14
    docidentifier:
    - content: draft-ietf-core-new-block-14
      type: Internet-Draft
      primary: true
