---
id: draftblackpnfsblock
schema_version: v1.5.6
formattedref:
  content: draft-black-pnfs-block
title:
- language: en
  script: Latn
  content: pNFS Block/Volume Layout
docidentifier:
- content: draft-black-pnfs-block
  type: Internet-Draft
  primary: true
abstract:
- language: en
  script: Latn
  content: "<p>Parallel NFS (pNFS) extends NFSv4 to allow clients to directly access
    \n   file data on the storage used by the NFSv4 server.  This ability to \n   bypass
    the server for data access can increase both performance and \n   parallelism,
    but requires additional client functionality for data \n   access, some of which
    is dependent on the class of storage used.  The \n   main pNFS operations draft
    specifies storage-class-independent \n   extensions to NFS; this draft specifies
    the additional extensions \n   (primarily data structures) for use of pNFS with
    block and volume \n   based storage.</p>"
relation:
- type: includes
  bibitem:
    formattedref:
      content: draft-black-pnfs-block-02
    source:
    - type: src
      content: https://datatracker.ietf.org/doc/html/draft-black-pnfs-block-02
    docidentifier:
    - content: draft-black-pnfs-block-02
      type: Internet-Draft
      primary: true
