---
id: draftbarbosaafs3vlcapabilitieslock
schema_version: v1.5.6
formattedref:
  content: draft-barbosa-afs3-vlcapabilities-lock
title:
- language: en
  script: Latn
  content: Introduce VLDB_CAPABILITY_LOCKTIMESTAMP
docidentifier:
- content: draft-barbosa-afs3-vlcapabilities-lock
  type: Internet-Draft
  primary: true
abstract:
- language: en
  script: Latn
  content: |-
    <p>This memo requests the allocation of a new capability bit,
       VLDB_CAPABILITY_LOCKTIMESTAMP, to be advertised by the Volume
       Location Server.  When advertised, this bit indicates that the server
       has the capacity to provide the date and time when a given volume
       location entry was locked.

    Internet Draft Comments

       Comments regarding this draft are solicited.  Please include the
       AFS-3 protocol standardization mailing list
       (afs3-standardization@openafs.org) as a recipient of any comments.</p>
relation:
- type: includes
  bibitem:
    formattedref:
      content: draft-barbosa-afs3-vlcapabilities-lock-00
    source:
    - type: src
      content: https://datatracker.ietf.org/doc/html/draft-barbosa-afs3-vlcapabilities-lock-00
    docidentifier:
    - content: draft-barbosa-afs3-vlcapabilities-lock-00
      type: Internet-Draft
      primary: true
