---
id: draftbryanftplock
schema_version: v1.5.6
title:
- language: en
  script: Latn
  content: File Transfer Protocol LOCK Command for Using a Single Port
  format: text/plain
source:
- type: src
  content: https://datatracker.ietf.org/doc/html/draft-bryan-ftp-lock-02
docidentifier:
- content: draft-bryan-ftp-lock
  type: Internet-Draft
  primary: true
date:
- type: published
  at: '2013-02-01'
abstract:
- language: en
  script: Latn
  content: "<p>One of the biggest hurdles for FTP in real life usage is its use of
    two connections. First, it uses a primary connection to send control commands
    on, and when it sends or receives data, it opens a second TCP stream for that
    purpose. This document specifies a new FTP LOCK command to be used by clients
    to request the server to use the control connection for data transfers, using
    a single port instead of two.</p>"
  format: text/html
relation:
- type: includes
  bibitem:
    formattedref:
      content: draft-bryan-ftp-lock-00
      format: text/plain
    docidentifier:
    - content: draft-bryan-ftp-lock-00
      type: Internet-Draft
      primary: true
- type: includes
  bibitem:
    formattedref:
      content: draft-bryan-ftp-lock-01
      format: text/plain
    docidentifier:
    - content: draft-bryan-ftp-lock-01
      type: Internet-Draft
      primary: true
- type: includes
  bibitem:
    formattedref:
      content: draft-bryan-ftp-lock-02
      format: text/plain
    docidentifier:
    - content: draft-bryan-ftp-lock-02
      type: Internet-Draft
      primary: true
ext:
  schema_version: v1.1.2
  doctype:
    content: internet-draft
  flavor: internet-draft
