---
id: draftmeyerlispeidblock
schema_version: v1.5.6
title:
- language: en
  script: Latn
  content: LISP EID Block
  format: text/plain
source:
- type: src
  content: https://datatracker.ietf.org/doc/html/draft-meyer-lisp-eid-block-02
docidentifier:
- content: draft-meyer-lisp-eid-block
  type: Internet-Draft
  primary: true
date:
- type: published
  at: '2011-03-14'
abstract:
- language: en
  script: Latn
  content: "<p>This is a direction to IANA to allocate a /16 IPv6 prefix for use with
    the Locator/ID Separation Protocol (LISP).</p>"
  format: text/html
relation:
- type: includes
  bibitem:
    formattedref:
      content: draft-meyer-lisp-eid-block-02
      format: text/plain
    docidentifier:
    - content: draft-meyer-lisp-eid-block-02
      type: Internet-Draft
      primary: true
ext:
  schema_version: v1.1.2
  doctype:
    content: internet-draft
  flavor: internet-draft
