---
id: draftkennedydnssddatablock
schema_version: v1.5.6
formattedref:
  content: draft-kennedy-dnssd-data-block
title:
- language: en
  script: Latn
  content: DNS-SD Data Block Encoding for Non-DNS Transports
source:
- type: src
  content: https://datatracker.ietf.org/doc/html/draft-kennedy-dnssd-data-block-01
docidentifier:
- content: draft-kennedy-dnssd-data-block
  type: Internet-Draft
  primary: true
date:
- type: published
  at: '2026-08-26'
abstract:
- language: en
  script: Latn
  content: |-
    <p>The DNS-SD Data Block (DDB) is a compact TLV encoded container for
       conveying DNS-SD service information over non-IP transports used by
       short-range peer-to-peer or proximity-based advertisement and
       discovery technologies such as the Bluetooth Low Energy Transport
       Discovery Service or NFC Verb NDEF Records.</p>
relation:
- type: includes
  bibitem:
    formattedref:
      content: draft-kennedy-dnssd-data-block-00
    source:
    - type: src
      content: https://datatracker.ietf.org/doc/html/draft-kennedy-dnssd-data-block-00
    docidentifier:
    - content: draft-kennedy-dnssd-data-block-00
      type: Internet-Draft
      primary: true
- type: includes
  bibitem:
    formattedref:
      content: draft-kennedy-dnssd-data-block-01
    source:
    - type: src
      content: https://datatracker.ietf.org/doc/html/draft-kennedy-dnssd-data-block-01
    docidentifier:
    - content: draft-kennedy-dnssd-data-block-01
      type: Internet-Draft
      primary: true
ext:
  schema_version: v1.1.2
  doctype:
    content: internet-draft
  flavor: ietf
