---
id: draftbaeuerlenetnewscancellock
schema_version: v1.5.6
title:
- language: en
  script: Latn
  content: Cancel-Locks in Netnews Articles
  format: text/plain
docidentifier:
- content: draft-baeuerle-netnews-cancel-lock
  type: Internet-Draft
  primary: true
date:
- type: published
  at: '2017-12-05'
abstract:
- language: en
  script: Latn
  content: "<p>This document defines an extension to the Netnews Article Format that
    may be used to authenticate the withdrawal of existing articles. This document
    updates RFC 5537.</p>"
  format: text/html
relation:
- type: includes
  bibitem:
    formattedref:
      content: draft-baeuerle-netnews-cancel-lock-00
      format: text/plain
    docidentifier:
    - content: draft-baeuerle-netnews-cancel-lock-00
      type: Internet-Draft
      primary: true
- type: includes
  bibitem:
    formattedref:
      content: draft-baeuerle-netnews-cancel-lock-01
      format: text/plain
    docidentifier:
    - content: draft-baeuerle-netnews-cancel-lock-01
      type: Internet-Draft
      primary: true
- type: includes
  bibitem:
    formattedref:
      content: draft-baeuerle-netnews-cancel-lock-02
      format: text/plain
    docidentifier:
    - content: draft-baeuerle-netnews-cancel-lock-02
      type: Internet-Draft
      primary: true
- type: includes
  bibitem:
    formattedref:
      content: draft-baeuerle-netnews-cancel-lock-03
      format: text/plain
    docidentifier:
    - content: draft-baeuerle-netnews-cancel-lock-03
      type: Internet-Draft
      primary: true
- type: includes
  bibitem:
    formattedref:
      content: draft-baeuerle-netnews-cancel-lock-04
      format: text/plain
    docidentifier:
    - content: draft-baeuerle-netnews-cancel-lock-04
      type: Internet-Draft
      primary: true
- type: includes
  bibitem:
    formattedref:
      content: draft-baeuerle-netnews-cancel-lock-05
      format: text/plain
    docidentifier:
    - content: draft-baeuerle-netnews-cancel-lock-05
      type: Internet-Draft
      primary: true
- type: includes
  bibitem:
    formattedref:
      content: draft-baeuerle-netnews-cancel-lock-06
      format: text/plain
    docidentifier:
    - content: draft-baeuerle-netnews-cancel-lock-06
      type: Internet-Draft
      primary: true
- type: includes
  bibitem:
    formattedref:
      content: draft-baeuerle-netnews-cancel-lock-07
      format: text/plain
    docidentifier:
    - content: draft-baeuerle-netnews-cancel-lock-07
      type: Internet-Draft
      primary: true
- type: includes
  bibitem:
    formattedref:
      content: draft-baeuerle-netnews-cancel-lock-08
      format: text/plain
    docidentifier:
    - content: draft-baeuerle-netnews-cancel-lock-08
      type: Internet-Draft
      primary: true
- type: includes
  bibitem:
    formattedref:
      content: draft-baeuerle-netnews-cancel-lock-09
      format: text/plain
    docidentifier:
    - content: draft-baeuerle-netnews-cancel-lock-09
      type: Internet-Draft
      primary: true
ext:
  schema_version: v1.1.2
  flavor: internet-draft
