---
id: draftboshcorenewblock
schema_version: v1.5.6
title:
- language: en
  script: Latn
  content: Constrained Application Protocol (CoAP) Block-Wise Transfer Options for
    Faster Transmission
  format: text/plain
docidentifier:
- content: draft-bosh-core-new-block
  type: Internet-Draft
  primary: true
date:
- type: published
  at: '2020-06-17'
abstract:
- language: en
  script: Latn
  content: "<p>This document specifies new Constrained Application Protocol (CoAP)
    Block-Wise transfer options: Block3 and Block4 Options. These options are similar
    to the CoAP Block1 and Block2 Options, but enable faster transmission rates for
    large amounts of data with less packet interchanges as well as supporting faster
    recovery should any of the blocks get lost in transmission.</p>"
  format: text/html
relation:
- type: includes
  bibitem:
    formattedref:
      content: draft-bosh-core-new-block-00
      format: text/plain
    docidentifier:
    - content: draft-bosh-core-new-block-00
      type: Internet-Draft
      primary: true
- type: includes
  bibitem:
    formattedref:
      content: draft-bosh-core-new-block-01
      format: text/plain
    docidentifier:
    - content: draft-bosh-core-new-block-01
      type: Internet-Draft
      primary: true
- type: includes
  bibitem:
    formattedref:
      content: draft-bosh-core-new-block-02
      format: text/plain
    docidentifier:
    - content: draft-bosh-core-new-block-02
      type: Internet-Draft
      primary: true
- type: includes
  bibitem:
    formattedref:
      content: draft-bosh-core-new-block-03
      format: text/plain
    docidentifier:
    - content: draft-bosh-core-new-block-03
      type: Internet-Draft
      primary: true
- type: includes
  bibitem:
    formattedref:
      content: draft-bosh-core-new-block-04
      format: text/plain
    docidentifier:
    - content: draft-bosh-core-new-block-04
      type: Internet-Draft
      primary: true
ext:
  schema_version: v1.1.2
  flavor: internet-draft
